
Microsoft Visual Studio Solution File, Format Version 12.00
# Visual Studio 2013
VisualStudioVersion = 12.0.31101.0
MinimumVisualStudioVersion = 10.0.40219.1
Project("{FAE04EC0-301F-11D3-BF4B-00C04F79EFBC}") = "MDPView", "MDPSimulator\MDPView.csproj", "{9651D14F-011F-40E6-B5D3-7E8A0EA6381B}"
EndProject
Project("{FAE04EC0-301F-11D3-BF4B-00C04F79EFBC}") = "MDPModel", "MDPModel\MDPModel.csproj", "{D9F94DD3-EEEB-47E8-A6BA-A10F86B3A83A}"
EndProject
Project("{FAE04EC0-301F-11D3-BF4B-00C04F79EFBC}") = "MDPViewModel", "MDPModelView\MDPViewModel.csproj", "{2EB28D4D-3976-43F3-8D82-8A677B891939}"
EndProject
Global
	GlobalSection(SolutionConfigurationPlatforms) = preSolution
		Debug|Any CPU = Debug|Any CPU
		Release|Any CPU = Release|Any CPU
	EndGlobalSection
	GlobalSection(ProjectConfigurationPlatforms) = postSolution
		{9651D14F-011F-40E6-B5D3-7E8A0EA6381B}.Debug|Any CPU.ActiveCfg = Debug|Any CPU
		{9651D14F-011F-40E6-B5D3-7E8A0EA6381B}.Debug|Any CPU.Build.0 = Debug|Any CPU
		{9651D14F-011F-40E6-B5D3-7E8A0EA6381B}.Release|Any CPU.ActiveCfg = Release|Any CPU
		{9651D14F-011F-40E6-B5D3-7E8A0EA6381B}.Release|Any CPU.Build.0 = Release|Any CPU
		{D9F94DD3-EEEB-47E8-A6BA-A10F86B3A83A}.Debug|Any CPU.ActiveCfg = Debug|Any CPU
		{D9F94DD3-EEEB-47E8-A6BA-A10F86B3A83A}.Debug|Any CPU.Build.0 = Debug|Any CPU
		{D9F94DD3-EEEB-47E8-A6BA-A10F86B3A83A}.Release|Any CPU.ActiveCfg = Release|Any CPU
		{D9F94DD3-EEEB-47E8-A6BA-A10F86B3A83A}.Release|Any CPU.Build.0 = Release|Any CPU
		{2EB28D4D-3976-43F3-8D82-8A677B891939}.Debug|Any CPU.ActiveCfg = Debug|Any CPU
		{2EB28D4D-3976-43F3-8D82-8A677B891939}.Debug|Any CPU.Build.0 = Debug|Any CPU
		{2EB28D4D-3976-43F3-8D82-8A677B891939}.Release|Any CPU.ActiveCfg = Release|Any CPU
		{2EB28D4D-3976-43F3-8D82-8A677B891939}.Release|Any CPU.Build.0 = Release|Any CPU
	EndGlobalSection
	GlobalSection(SolutionProperties) = preSolution
		HideSolutionNode = FALSE
	EndGlobalSection
EndGlobal
